
Microsoft Visual Studio Solution File, Format Version 12.00
# Visual Studio Version 17
VisualStudioVersion = 17.6.33815.320
MinimumVisualStudioVersion = 10.0.40219.1
Project("{FAE04EC0-301F-11D3-BF4B-00C04F79EFBC}") = "dotnet_api", "dotnet_api.csproj", "{FC2DDF8B-4BC5-46D0-88CA-123AF613272B}"
EndProject
Global
	GlobalSection(SolutionConfigurationPlatforms) = preSolution
		Debug|Any CPU = Debug|Any CPU
		Release|Any CPU = Release|Any CPU
	EndGlobalSection
	GlobalSection(ProjectConfigurationPlatforms) = postSolution
		{FC2DDF8B-4BC5-46D0-88CA-123AF613272B}.Debug|Any CPU.ActiveCfg = Debug|Any CPU
		{FC2DDF8B-4BC5-46D0-88CA-123AF613272B}.Debug|Any CPU.Build.0 = Debug|Any CPU
		{FC2DDF8B-4BC5-46D0-88CA-123AF613272B}.Release|Any CPU.ActiveCfg = Release|Any CPU
		{FC2DDF8B-4BC5-46D0-88CA-123AF613272B}.Release|Any CPU.Build.0 = Release|Any CPU
	EndGlobalSection
	GlobalSection(SolutionProperties) = preSolution
		HideSolutionNode = FALSE
	EndGlobalSection
	GlobalSection(ExtensibilityGlobals) = postSolution
		SolutionGuid = {ABF39FDA-C794-4858-9752-A8BD3E8E9AC2}
	EndGlobalSection
EndGlobal
